
Microsoft Visual Studio Solution File, Format Version 12.00
# Visual Studio Version 17
VisualStudioVersion = 17.11.35327.3
MinimumVisualStudioVersion = 10.0.40219.1
Project("{FAE04EC0-301F-11D3-BF4B-00C04F79EFBC}") = "Lesson7", "Lesson7\Lesson7.csproj", "{634505C1-6914-4C06-97E7-63781DE16015}"
EndProject
Global
	GlobalSection(SolutionConfigurationPlatforms) = preSolution
		Debug|Any CPU = Debug|Any CPU
		Release|Any CPU = Release|Any CPU
	EndGlobalSection
	GlobalSection(ProjectConfigurationPlatforms) = postSolution
		{634505C1-6914-4C06-97E7-63781DE16015}.Debug|Any CPU.ActiveCfg = Debug|Any CPU
		{634505C1-6914-4C06-97E7-63781DE16015}.Debug|Any CPU.Build.0 = Debug|Any CPU
		{634505C1-6914-4C06-97E7-63781DE16015}.Release|Any CPU.ActiveCfg = Release|Any CPU
		{634505C1-6914-4C06-97E7-63781DE16015}.Release|Any CPU.Build.0 = Release|Any CPU
	EndGlobalSection
	GlobalSection(SolutionProperties) = preSolution
		HideSolutionNode = FALSE
	EndGlobalSection
	GlobalSection(ExtensibilityGlobals) = postSolution
		SolutionGuid = {729102C0-BB0D-4108-898E-41BFF192E817}
	EndGlobalSection
EndGlobal
